
Microsoft Visual Studio Solution File, Format Version 12.00
# Visual Studio Version 16
VisualStudioVersion = 16.0.31129.286
MinimumVisualStudioVersion = 10.0.40219.1
Project("{9A19103F-16F7-4668-BE54-9A1E7A4F7556}") = "MoneyCamb", "MoneyCamb.csproj", "{6691169D-088F-4B24-B54A-3D6C93CB8962}"
EndProject
Project("{FAE04EC0-301F-11D3-BF4B-00C04F79EFBC}") = "DataBase", "..\DataBase\DataBase.csproj", "{239C61BD-197B-4131-8CE1-3FF91EACC8E4}"
EndProject
Project("{FAE04EC0-301F-11D3-BF4B-00C04F79EFBC}") = "LogicalLayer", "..\LogicalLayer\LogicalLayer.csproj", "{537C5976-E2F5-476E-A9FC-A9F43B8B37D7}"
EndProject
Global
	GlobalSection(SolutionConfigurationPlatforms) = preSolution
		Debug|Any CPU = Debug|Any CPU
		Release|Any CPU = Release|Any CPU
	EndGlobalSection
	GlobalSection(ProjectConfigurationPlatforms) = postSolution
		{6691169D-088F-4B24-B54A-3D6C93CB8962}.Debug|Any CPU.ActiveCfg = Debug|Any CPU
		{6691169D-088F-4B24-B54A-3D6C93CB8962}.Debug|Any CPU.Build.0 = Debug|Any CPU
		{6691169D-088F-4B24-B54A-3D6C93CB8962}.Release|Any CPU.ActiveCfg = Release|Any CPU
		{6691169D-088F-4B24-B54A-3D6C93CB8962}.Release|Any CPU.Build.0 = Release|Any CPU
		{239C61BD-197B-4131-8CE1-3FF91EACC8E4}.Debug|Any CPU.ActiveCfg = Debug|Any CPU
		{239C61BD-197B-4131-8CE1-3FF91EACC8E4}.Debug|Any CPU.Build.0 = Debug|Any CPU
		{239C61BD-197B-4131-8CE1-3FF91EACC8E4}.Release|Any CPU.ActiveCfg = Release|Any CPU
		{239C61BD-197B-4131-8CE1-3FF91EACC8E4}.Release|Any CPU.Build.0 = Release|Any CPU
		{537C5976-E2F5-476E-A9FC-A9F43B8B37D7}.Debug|Any CPU.ActiveCfg = Debug|Any CPU
		{537C5976-E2F5-476E-A9FC-A9F43B8B37D7}.Debug|Any CPU.Build.0 = Debug|Any CPU
		{537C5976-E2F5-476E-A9FC-A9F43B8B37D7}.Release|Any CPU.ActiveCfg = Release|Any CPU
		{537C5976-E2F5-476E-A9FC-A9F43B8B37D7}.Release|Any CPU.Build.0 = Release|Any CPU
	EndGlobalSection
	GlobalSection(SolutionProperties) = preSolution
		HideSolutionNode = FALSE
	EndGlobalSection
	GlobalSection(ExtensibilityGlobals) = postSolution
		SolutionGuid = {55639382-527A-48F3-BEAF-CB48959403DD}
	EndGlobalSection
EndGlobal
